
Microsoft Visual Studio Solution File, Format Version 12.00
# Visual Studio Version 16
VisualStudioVersion = 16.0.33027.164
MinimumVisualStudioVersion = 10.0.40219.1
Project("{FAE04EC0-301F-11D3-BF4B-00C04F79EFBC}") = "coba2", "coba2.csproj", "{ABC85233-FFB4-4280-9665-7873E4077D75}"
EndProject
Global
	GlobalSection(SolutionConfigurationPlatforms) = preSolution
		Debug|Any CPU = Debug|Any CPU
		Release|Any CPU = Release|Any CPU
	EndGlobalSection
	GlobalSection(ProjectConfigurationPlatforms) = postSolution
		{ABC85233-FFB4-4280-9665-7873E4077D75}.Debug|Any CPU.ActiveCfg = Debug|Any CPU
		{ABC85233-FFB4-4280-9665-7873E4077D75}.Debug|Any CPU.Build.0 = Debug|Any CPU
		{ABC85233-FFB4-4280-9665-7873E4077D75}.Release|Any CPU.ActiveCfg = Release|Any CPU
		{ABC85233-FFB4-4280-9665-7873E4077D75}.Release|Any CPU.Build.0 = Release|Any CPU
	EndGlobalSection
	GlobalSection(SolutionProperties) = preSolution
		HideSolutionNode = FALSE
	EndGlobalSection
	GlobalSection(ExtensibilityGlobals) = postSolution
		SolutionGuid = {B0F93D11-7F37-460B-88E8-D354FDB51D83}
	EndGlobalSection
EndGlobal
